{
  "name": "typescript-graphql-ast-parser",
  "version": "1.0.0",
  "lockfileVersion": 1,
  "requires": true,
  "dependencies": {
    "typescript": {
      "version": "4.2.0-beta",
      "resolved": "https://registry.npmjs.org/typescript/-/typescript-4.2.0-beta.tgz",
      "integrity": "sha512-0nYjpkQ6bKjHoJTQkUHcDtGLNenqc5rfTcl3ISUnJXPkGa0115FcVJABmodfMKHLyDBmzDr8IGLbDv5m7sbYgw=="
    }
  }
}
